
Microsoft Visual Studio Solution File, Format Version 12.00
# Visual Studio Version 16
VisualStudioVersion = 16.0.30128.74
MinimumVisualStudioVersion = 10.0.40219.1
Project("{FAE04EC0-301F-11D3-BF4B-00C04F79EFBC}") = "StudentAcademy", "StudentAcademy\StudentAcademy.csproj", "{C343DB6F-4A84-4174-8B61-F68083BABD4D}"
EndProject
Global
	GlobalSection(SolutionConfigurationPlatforms) = preSolution
		Debug|Any CPU = Debug|Any CPU
		Release|Any CPU = Release|Any CPU
	EndGlobalSection
	GlobalSection(ProjectConfigurationPlatforms) = postSolution
		{C343DB6F-4A84-4174-8B61-F68083BABD4D}.Debug|Any CPU.ActiveCfg = Debug|Any CPU
		{C343DB6F-4A84-4174-8B61-F68083BABD4D}.Debug|Any CPU.Build.0 = Debug|Any CPU
		{C343DB6F-4A84-4174-8B61-F68083BABD4D}.Release|Any CPU.ActiveCfg = Release|Any CPU
		{C343DB6F-4A84-4174-8B61-F68083BABD4D}.Release|Any CPU.Build.0 = Release|Any CPU
	EndGlobalSection
	GlobalSection(SolutionProperties) = preSolution
		HideSolutionNode = FALSE
	EndGlobalSection
	GlobalSection(ExtensibilityGlobals) = postSolution
		SolutionGuid = {FE3AE0F8-94EF-4E3D-8D30-9B235443AD94}
	EndGlobalSection
EndGlobal
