
Microsoft Visual Studio Solution File, Format Version 12.00
# Visual Studio Version 16
VisualStudioVersion = 16.0.30128.74
MinimumVisualStudioVersion = 10.0.40219.1
Project("{FAE04EC0-301F-11D3-BF4B-00C04F79EFBC}") = "TaKeskipRope", "TaKeskipRope\TaKeskipRope.csproj", "{B15D5705-C73B-4EA3-880A-9E1149F45022}"
EndProject
Global
	GlobalSection(SolutionConfigurationPlatforms) = preSolution
		Debug|Any CPU = Debug|Any CPU
		Release|Any CPU = Release|Any CPU
	EndGlobalSection
	GlobalSection(ProjectConfigurationPlatforms) = postSolution
		{B15D5705-C73B-4EA3-880A-9E1149F45022}.Debug|Any CPU.ActiveCfg = Debug|Any CPU
		{B15D5705-C73B-4EA3-880A-9E1149F45022}.Debug|Any CPU.Build.0 = Debug|Any CPU
		{B15D5705-C73B-4EA3-880A-9E1149F45022}.Release|Any CPU.ActiveCfg = Release|Any CPU
		{B15D5705-C73B-4EA3-880A-9E1149F45022}.Release|Any CPU.Build.0 = Release|Any CPU
	EndGlobalSection
	GlobalSection(SolutionProperties) = preSolution
		HideSolutionNode = FALSE
	EndGlobalSection
	GlobalSection(ExtensibilityGlobals) = postSolution
		SolutionGuid = {9AA09ECF-6E1D-4BD1-8B50-B71C011C7EC0}
	EndGlobalSection
EndGlobal
