
Microsoft Visual Studio Solution File, Format Version 12.00
# Visual Studio Version 16
VisualStudioVersion = 16.0.30128.74
MinimumVisualStudioVersion = 10.0.40219.1
Project("{FAE04EC0-301F-11D3-BF4B-00C04F79EFBC}") = "Numbers", "Numbers\Numbers.csproj", "{596181BD-35BE-40B8-9058-0131A6B2EB9E}"
EndProject
Global
	GlobalSection(SolutionConfigurationPlatforms) = preSolution
		Debug|Any CPU = Debug|Any CPU
		Release|Any CPU = Release|Any CPU
	EndGlobalSection
	GlobalSection(ProjectConfigurationPlatforms) = postSolution
		{596181BD-35BE-40B8-9058-0131A6B2EB9E}.Debug|Any CPU.ActiveCfg = Debug|Any CPU
		{596181BD-35BE-40B8-9058-0131A6B2EB9E}.Debug|Any CPU.Build.0 = Debug|Any CPU
		{596181BD-35BE-40B8-9058-0131A6B2EB9E}.Release|Any CPU.ActiveCfg = Release|Any CPU
		{596181BD-35BE-40B8-9058-0131A6B2EB9E}.Release|Any CPU.Build.0 = Release|Any CPU
	EndGlobalSection
	GlobalSection(SolutionProperties) = preSolution
		HideSolutionNode = FALSE
	EndGlobalSection
	GlobalSection(ExtensibilityGlobals) = postSolution
		SolutionGuid = {291C9954-7449-42AC-ABEF-52F6FFBC0F42}
	EndGlobalSection
EndGlobal
