
Microsoft Visual Studio Solution File, Format Version 12.00
# Visual Studio Version 16
VisualStudioVersion = 16.0.30128.74
MinimumVisualStudioVersion = 10.0.40219.1
Project("{FAE04EC0-301F-11D3-BF4B-00C04F79EFBC}") = "AnonymousThreat", "AnonymousThreat\AnonymousThreat.csproj", "{D3FC84A4-70FA-4119-848F-695F6C7900CC}"
EndProject
Global
	GlobalSection(SolutionConfigurationPlatforms) = preSolution
		Debug|Any CPU = Debug|Any CPU
		Release|Any CPU = Release|Any CPU
	EndGlobalSection
	GlobalSection(ProjectConfigurationPlatforms) = postSolution
		{D3FC84A4-70FA-4119-848F-695F6C7900CC}.Debug|Any CPU.ActiveCfg = Debug|Any CPU
		{D3FC84A4-70FA-4119-848F-695F6C7900CC}.Debug|Any CPU.Build.0 = Debug|Any CPU
		{D3FC84A4-70FA-4119-848F-695F6C7900CC}.Release|Any CPU.ActiveCfg = Release|Any CPU
		{D3FC84A4-70FA-4119-848F-695F6C7900CC}.Release|Any CPU.Build.0 = Release|Any CPU
	EndGlobalSection
	GlobalSection(SolutionProperties) = preSolution
		HideSolutionNode = FALSE
	EndGlobalSection
	GlobalSection(ExtensibilityGlobals) = postSolution
		SolutionGuid = {361A6E5F-D3B7-4719-B73A-29E2C14C47CA}
	EndGlobalSection
EndGlobal
