
Microsoft Visual Studio Solution File, Format Version 12.00
# Visual Studio Version 16
VisualStudioVersion = 16.0.30717.126
MinimumVisualStudioVersion = 10.0.40219.1
Project("{FAE04EC0-301F-11D3-BF4B-00C04F79EFBC}") = "FinalExam", "FinalExam\FinalExam.csproj", "{29F74EAC-0A64-4B8E-930B-2651DABBA6D7}"
EndProject
Global
	GlobalSection(SolutionConfigurationPlatforms) = preSolution
		Debug|Any CPU = Debug|Any CPU
		Release|Any CPU = Release|Any CPU
	EndGlobalSection
	GlobalSection(ProjectConfigurationPlatforms) = postSolution
		{29F74EAC-0A64-4B8E-930B-2651DABBA6D7}.Debug|Any CPU.ActiveCfg = Debug|Any CPU
		{29F74EAC-0A64-4B8E-930B-2651DABBA6D7}.Debug|Any CPU.Build.0 = Debug|Any CPU
		{29F74EAC-0A64-4B8E-930B-2651DABBA6D7}.Release|Any CPU.ActiveCfg = Release|Any CPU
		{29F74EAC-0A64-4B8E-930B-2651DABBA6D7}.Release|Any CPU.Build.0 = Release|Any CPU
	EndGlobalSection
	GlobalSection(SolutionProperties) = preSolution
		HideSolutionNode = FALSE
	EndGlobalSection
	GlobalSection(ExtensibilityGlobals) = postSolution
		SolutionGuid = {FE3231CA-7815-4C8E-AF6B-D3EF74A8E240}
	EndGlobalSection
EndGlobal
