
Microsoft Visual Studio Solution File, Format Version 12.00
# Visual Studio Version 16
VisualStudioVersion = 16.0.30128.74
MinimumVisualStudioVersion = 10.0.40219.1
Project("{FAE04EC0-301F-11D3-BF4B-00C04F79EFBC}") = "MiddleCharecters", "MiddleCharecters\MiddleCharecters.csproj", "{A1B1EB93-F49F-48C3-83DB-6A9CA28C522C}"
EndProject
Global
	GlobalSection(SolutionConfigurationPlatforms) = preSolution
		Debug|Any CPU = Debug|Any CPU
		Release|Any CPU = Release|Any CPU
	EndGlobalSection
	GlobalSection(ProjectConfigurationPlatforms) = postSolution
		{A1B1EB93-F49F-48C3-83DB-6A9CA28C522C}.Debug|Any CPU.ActiveCfg = Debug|Any CPU
		{A1B1EB93-F49F-48C3-83DB-6A9CA28C522C}.Debug|Any CPU.Build.0 = Debug|Any CPU
		{A1B1EB93-F49F-48C3-83DB-6A9CA28C522C}.Release|Any CPU.ActiveCfg = Release|Any CPU
		{A1B1EB93-F49F-48C3-83DB-6A9CA28C522C}.Release|Any CPU.Build.0 = Release|Any CPU
	EndGlobalSection
	GlobalSection(SolutionProperties) = preSolution
		HideSolutionNode = FALSE
	EndGlobalSection
	GlobalSection(ExtensibilityGlobals) = postSolution
		SolutionGuid = {53BFD717-FE4D-48C7-9990-9C54E50D97C7}
	EndGlobalSection
EndGlobal
