
Microsoft Visual Studio Solution File, Format Version 12.00
# Visual Studio Version 16
VisualStudioVersion = 16.0.30128.74
MinimumVisualStudioVersion = 10.0.40219.1
Project("{FAE04EC0-301F-11D3-BF4B-00C04F79EFBC}") = "BombNumbers", "BombNumbers\BombNumbers.csproj", "{4C15E35B-6072-48E9-924C-7A60BDB7AF25}"
EndProject
Global
	GlobalSection(SolutionConfigurationPlatforms) = preSolution
		Debug|Any CPU = Debug|Any CPU
		Release|Any CPU = Release|Any CPU
	EndGlobalSection
	GlobalSection(ProjectConfigurationPlatforms) = postSolution
		{4C15E35B-6072-48E9-924C-7A60BDB7AF25}.Debug|Any CPU.ActiveCfg = Debug|Any CPU
		{4C15E35B-6072-48E9-924C-7A60BDB7AF25}.Debug|Any CPU.Build.0 = Debug|Any CPU
		{4C15E35B-6072-48E9-924C-7A60BDB7AF25}.Release|Any CPU.ActiveCfg = Release|Any CPU
		{4C15E35B-6072-48E9-924C-7A60BDB7AF25}.Release|Any CPU.Build.0 = Release|Any CPU
	EndGlobalSection
	GlobalSection(SolutionProperties) = preSolution
		HideSolutionNode = FALSE
	EndGlobalSection
	GlobalSection(ExtensibilityGlobals) = postSolution
		SolutionGuid = {A9AF483F-FE52-4433-B832-8F5B6219C204}
	EndGlobalSection
EndGlobal
