
Microsoft Visual Studio Solution File, Format Version 12.00
# Visual Studio Version 16
VisualStudioVersion = 16.0.30128.74
MinimumVisualStudioVersion = 10.0.40219.1
Project("{FAE04EC0-301F-11D3-BF4B-00C04F79EFBC}") = "VowelsCount", "VowelsCount\VowelsCount.csproj", "{38E168B0-8121-4AAD-A3DC-34AC5F90BDDC}"
EndProject
Global
	GlobalSection(SolutionConfigurationPlatforms) = preSolution
		Debug|Any CPU = Debug|Any CPU
		Release|Any CPU = Release|Any CPU
	EndGlobalSection
	GlobalSection(ProjectConfigurationPlatforms) = postSolution
		{38E168B0-8121-4AAD-A3DC-34AC5F90BDDC}.Debug|Any CPU.ActiveCfg = Debug|Any CPU
		{38E168B0-8121-4AAD-A3DC-34AC5F90BDDC}.Debug|Any CPU.Build.0 = Debug|Any CPU
		{38E168B0-8121-4AAD-A3DC-34AC5F90BDDC}.Release|Any CPU.ActiveCfg = Release|Any CPU
		{38E168B0-8121-4AAD-A3DC-34AC5F90BDDC}.Release|Any CPU.Build.0 = Release|Any CPU
	EndGlobalSection
	GlobalSection(SolutionProperties) = preSolution
		HideSolutionNode = FALSE
	EndGlobalSection
	GlobalSection(ExtensibilityGlobals) = postSolution
		SolutionGuid = {BDDFD219-1773-4A51-A2D4-AC534F618A37}
	EndGlobalSection
EndGlobal
