
Microsoft Visual Studio Solution File, Format Version 12.00
# Visual Studio Version 16
VisualStudioVersion = 16.0.30128.74
MinimumVisualStudioVersion = 10.0.40219.1
Project("{FAE04EC0-301F-11D3-BF4B-00C04F79EFBC}") = "Train", "Train\Train.csproj", "{36497400-6A37-4403-AF08-04A876C072DD}"
EndProject
Global
	GlobalSection(SolutionConfigurationPlatforms) = preSolution
		Debug|Any CPU = Debug|Any CPU
		Release|Any CPU = Release|Any CPU
	EndGlobalSection
	GlobalSection(ProjectConfigurationPlatforms) = postSolution
		{36497400-6A37-4403-AF08-04A876C072DD}.Debug|Any CPU.ActiveCfg = Debug|Any CPU
		{36497400-6A37-4403-AF08-04A876C072DD}.Debug|Any CPU.Build.0 = Debug|Any CPU
		{36497400-6A37-4403-AF08-04A876C072DD}.Release|Any CPU.ActiveCfg = Release|Any CPU
		{36497400-6A37-4403-AF08-04A876C072DD}.Release|Any CPU.Build.0 = Release|Any CPU
	EndGlobalSection
	GlobalSection(SolutionProperties) = preSolution
		HideSolutionNode = FALSE
	EndGlobalSection
	GlobalSection(ExtensibilityGlobals) = postSolution
		SolutionGuid = {009F4356-2623-47ED-86C2-F5FD6F3E492A}
	EndGlobalSection
EndGlobal
