
Microsoft Visual Studio Solution File, Format Version 12.00
# Visual Studio Version 16
VisualStudioVersion = 16.0.30128.74
MinimumVisualStudioVersion = 10.0.40219.1
Project("{FAE04EC0-301F-11D3-BF4B-00C04F79EFBC}") = "CounterStrike", "CounterStrike\CounterStrike.csproj", "{C2C77663-5C3E-4F96-8795-7CEF48D32979}"
EndProject
Global
	GlobalSection(SolutionConfigurationPlatforms) = preSolution
		Debug|Any CPU = Debug|Any CPU
		Release|Any CPU = Release|Any CPU
	EndGlobalSection
	GlobalSection(ProjectConfigurationPlatforms) = postSolution
		{C2C77663-5C3E-4F96-8795-7CEF48D32979}.Debug|Any CPU.ActiveCfg = Debug|Any CPU
		{C2C77663-5C3E-4F96-8795-7CEF48D32979}.Debug|Any CPU.Build.0 = Debug|Any CPU
		{C2C77663-5C3E-4F96-8795-7CEF48D32979}.Release|Any CPU.ActiveCfg = Release|Any CPU
		{C2C77663-5C3E-4F96-8795-7CEF48D32979}.Release|Any CPU.Build.0 = Release|Any CPU
	EndGlobalSection
	GlobalSection(SolutionProperties) = preSolution
		HideSolutionNode = FALSE
	EndGlobalSection
	GlobalSection(ExtensibilityGlobals) = postSolution
		SolutionGuid = {BAD71EF9-D14F-496A-80A8-E53BE3696859}
	EndGlobalSection
EndGlobal
