
Microsoft Visual Studio Solution File, Format Version 12.00
# Visual Studio Version 16
VisualStudioVersion = 16.0.30611.23
MinimumVisualStudioVersion = 10.0.40219.1
Project("{FAE04EC0-301F-11D3-BF4B-00C04F79EFBC}") = "HTML", "HTML\HTML.csproj", "{55FCA68F-E5D8-49C4-892A-D668DAF8148F}"
EndProject
Global
	GlobalSection(SolutionConfigurationPlatforms) = preSolution
		Debug|Any CPU = Debug|Any CPU
		Release|Any CPU = Release|Any CPU
	EndGlobalSection
	GlobalSection(ProjectConfigurationPlatforms) = postSolution
		{55FCA68F-E5D8-49C4-892A-D668DAF8148F}.Debug|Any CPU.ActiveCfg = Debug|Any CPU
		{55FCA68F-E5D8-49C4-892A-D668DAF8148F}.Debug|Any CPU.Build.0 = Debug|Any CPU
		{55FCA68F-E5D8-49C4-892A-D668DAF8148F}.Release|Any CPU.ActiveCfg = Release|Any CPU
		{55FCA68F-E5D8-49C4-892A-D668DAF8148F}.Release|Any CPU.Build.0 = Release|Any CPU
	EndGlobalSection
	GlobalSection(SolutionProperties) = preSolution
		HideSolutionNode = FALSE
	EndGlobalSection
	GlobalSection(ExtensibilityGlobals) = postSolution
		SolutionGuid = {348BB3D9-AC8C-4630-B3DD-EFC6D29D9F1F}
	EndGlobalSection
EndGlobal
