
Microsoft Visual Studio Solution File, Format Version 12.00
# Visual Studio Version 16
VisualStudioVersion = 16.0.30717.126
MinimumVisualStudioVersion = 10.0.40219.1
Project("{FAE04EC0-301F-11D3-BF4B-00C04F79EFBC}") = "SecretChat", "SecretChat\SecretChat.csproj", "{5835FD3F-49D4-4A38-9A0E-47C6D105600B}"
EndProject
Global
	GlobalSection(SolutionConfigurationPlatforms) = preSolution
		Debug|Any CPU = Debug|Any CPU
		Release|Any CPU = Release|Any CPU
	EndGlobalSection
	GlobalSection(ProjectConfigurationPlatforms) = postSolution
		{5835FD3F-49D4-4A38-9A0E-47C6D105600B}.Debug|Any CPU.ActiveCfg = Debug|Any CPU
		{5835FD3F-49D4-4A38-9A0E-47C6D105600B}.Debug|Any CPU.Build.0 = Debug|Any CPU
		{5835FD3F-49D4-4A38-9A0E-47C6D105600B}.Release|Any CPU.ActiveCfg = Release|Any CPU
		{5835FD3F-49D4-4A38-9A0E-47C6D105600B}.Release|Any CPU.Build.0 = Release|Any CPU
	EndGlobalSection
	GlobalSection(SolutionProperties) = preSolution
		HideSolutionNode = FALSE
	EndGlobalSection
	GlobalSection(ExtensibilityGlobals) = postSolution
		SolutionGuid = {5BB2E76D-7AD0-42AC-A766-0172DB33A5D1}
	EndGlobalSection
EndGlobal
