
Microsoft Visual Studio Solution File, Format Version 12.00
# Visual Studio Version 16
VisualStudioVersion = 16.0.30717.126
MinimumVisualStudioVersion = 10.0.40219.1
Project("{FAE04EC0-301F-11D3-BF4B-00C04F79EFBC}") = "FinalExamP2", "FinalExamP2\FinalExamP2.csproj", "{862E2C99-806F-42A2-B3C5-F0D5305D9571}"
EndProject
Global
	GlobalSection(SolutionConfigurationPlatforms) = preSolution
		Debug|Any CPU = Debug|Any CPU
		Release|Any CPU = Release|Any CPU
	EndGlobalSection
	GlobalSection(ProjectConfigurationPlatforms) = postSolution
		{862E2C99-806F-42A2-B3C5-F0D5305D9571}.Debug|Any CPU.ActiveCfg = Debug|Any CPU
		{862E2C99-806F-42A2-B3C5-F0D5305D9571}.Debug|Any CPU.Build.0 = Debug|Any CPU
		{862E2C99-806F-42A2-B3C5-F0D5305D9571}.Release|Any CPU.ActiveCfg = Release|Any CPU
		{862E2C99-806F-42A2-B3C5-F0D5305D9571}.Release|Any CPU.Build.0 = Release|Any CPU
	EndGlobalSection
	GlobalSection(SolutionProperties) = preSolution
		HideSolutionNode = FALSE
	EndGlobalSection
	GlobalSection(ExtensibilityGlobals) = postSolution
		SolutionGuid = {27D4B912-E1E1-499B-A513-C18D489E90C8}
	EndGlobalSection
EndGlobal
