
Microsoft Visual Studio Solution File, Format Version 12.00
# Visual Studio Version 16
VisualStudioVersion = 16.0.30128.74
MinimumVisualStudioVersion = 10.0.40219.1
Project("{FAE04EC0-301F-11D3-BF4B-00C04F79EFBC}") = "TheImitationGame", "TheImitationGame\TheImitationGame.csproj", "{02C4673E-B9D8-4BDE-9DE4-77FB2EACDBE4}"
EndProject
Global
	GlobalSection(SolutionConfigurationPlatforms) = preSolution
		Debug|Any CPU = Debug|Any CPU
		Release|Any CPU = Release|Any CPU
	EndGlobalSection
	GlobalSection(ProjectConfigurationPlatforms) = postSolution
		{02C4673E-B9D8-4BDE-9DE4-77FB2EACDBE4}.Debug|Any CPU.ActiveCfg = Debug|Any CPU
		{02C4673E-B9D8-4BDE-9DE4-77FB2EACDBE4}.Debug|Any CPU.Build.0 = Debug|Any CPU
		{02C4673E-B9D8-4BDE-9DE4-77FB2EACDBE4}.Release|Any CPU.ActiveCfg = Release|Any CPU
		{02C4673E-B9D8-4BDE-9DE4-77FB2EACDBE4}.Release|Any CPU.Build.0 = Release|Any CPU
	EndGlobalSection
	GlobalSection(SolutionProperties) = preSolution
		HideSolutionNode = FALSE
	EndGlobalSection
	GlobalSection(ExtensibilityGlobals) = postSolution
		SolutionGuid = {961A6DCF-FC25-4E92-A3D2-C3C964F82A24}
	EndGlobalSection
EndGlobal
