
Microsoft Visual Studio Solution File, Format Version 12.00
# Visual Studio Version 16
VisualStudioVersion = 16.0.30128.74
MinimumVisualStudioVersion = 10.0.40219.1
Project("{FAE04EC0-301F-11D3-BF4B-00C04F79EFBC}") = "HouseParty", "HouseParty\HouseParty.csproj", "{D5DC1548-7B82-4A7B-B15B-3EC6EA27BFE7}"
EndProject
Global
	GlobalSection(SolutionConfigurationPlatforms) = preSolution
		Debug|Any CPU = Debug|Any CPU
		Release|Any CPU = Release|Any CPU
	EndGlobalSection
	GlobalSection(ProjectConfigurationPlatforms) = postSolution
		{D5DC1548-7B82-4A7B-B15B-3EC6EA27BFE7}.Debug|Any CPU.ActiveCfg = Debug|Any CPU
		{D5DC1548-7B82-4A7B-B15B-3EC6EA27BFE7}.Debug|Any CPU.Build.0 = Debug|Any CPU
		{D5DC1548-7B82-4A7B-B15B-3EC6EA27BFE7}.Release|Any CPU.ActiveCfg = Release|Any CPU
		{D5DC1548-7B82-4A7B-B15B-3EC6EA27BFE7}.Release|Any CPU.Build.0 = Release|Any CPU
	EndGlobalSection
	GlobalSection(SolutionProperties) = preSolution
		HideSolutionNode = FALSE
	EndGlobalSection
	GlobalSection(ExtensibilityGlobals) = postSolution
		SolutionGuid = {A422686D-A19C-49C5-BC50-10C00BFAEB42}
	EndGlobalSection
EndGlobal
