
Microsoft Visual Studio Solution File, Format Version 12.00
# Visual Studio Version 16
VisualStudioVersion = 16.0.30128.74
MinimumVisualStudioVersion = 10.0.40219.1
Project("{FAE04EC0-301F-11D3-BF4B-00C04F79EFBC}") = "Students", "Students\Students.csproj", "{8851FB6D-C30C-4F6B-AFEC-97C9C6595E69}"
EndProject
Global
	GlobalSection(SolutionConfigurationPlatforms) = preSolution
		Debug|Any CPU = Debug|Any CPU
		Release|Any CPU = Release|Any CPU
	EndGlobalSection
	GlobalSection(ProjectConfigurationPlatforms) = postSolution
		{8851FB6D-C30C-4F6B-AFEC-97C9C6595E69}.Debug|Any CPU.ActiveCfg = Debug|Any CPU
		{8851FB6D-C30C-4F6B-AFEC-97C9C6595E69}.Debug|Any CPU.Build.0 = Debug|Any CPU
		{8851FB6D-C30C-4F6B-AFEC-97C9C6595E69}.Release|Any CPU.ActiveCfg = Release|Any CPU
		{8851FB6D-C30C-4F6B-AFEC-97C9C6595E69}.Release|Any CPU.Build.0 = Release|Any CPU
	EndGlobalSection
	GlobalSection(SolutionProperties) = preSolution
		HideSolutionNode = FALSE
	EndGlobalSection
	GlobalSection(ExtensibilityGlobals) = postSolution
		SolutionGuid = {E9775D69-8DF1-4405-8BA7-327AA5F17182}
	EndGlobalSection
EndGlobal
