
Microsoft Visual Studio Solution File, Format Version 12.00
# Visual Studio Version 16
VisualStudioVersion = 16.0.30611.23
MinimumVisualStudioVersion = 10.0.40219.1
Project("{FAE04EC0-301F-11D3-BF4B-00C04F79EFBC}") = "DragonArmy", "DragonArmy\DragonArmy.csproj", "{EBDC3903-382E-400D-8679-846E2A621788}"
EndProject
Global
	GlobalSection(SolutionConfigurationPlatforms) = preSolution
		Debug|Any CPU = Debug|Any CPU
		Release|Any CPU = Release|Any CPU
	EndGlobalSection
	GlobalSection(ProjectConfigurationPlatforms) = postSolution
		{EBDC3903-382E-400D-8679-846E2A621788}.Debug|Any CPU.ActiveCfg = Debug|Any CPU
		{EBDC3903-382E-400D-8679-846E2A621788}.Debug|Any CPU.Build.0 = Debug|Any CPU
		{EBDC3903-382E-400D-8679-846E2A621788}.Release|Any CPU.ActiveCfg = Release|Any CPU
		{EBDC3903-382E-400D-8679-846E2A621788}.Release|Any CPU.Build.0 = Release|Any CPU
	EndGlobalSection
	GlobalSection(SolutionProperties) = preSolution
		HideSolutionNode = FALSE
	EndGlobalSection
	GlobalSection(ExtensibilityGlobals) = postSolution
		SolutionGuid = {0EAAFF63-DB9F-47FC-A3EA-EFB2C95993E7}
	EndGlobalSection
EndGlobal
