
Microsoft Visual Studio Solution File, Format Version 12.00
# Visual Studio Version 16
VisualStudioVersion = 16.0.30128.74
MinimumVisualStudioVersion = 10.0.40219.1
Project("{FAE04EC0-301F-11D3-BF4B-00C04F79EFBC}") = "ComputerStoreNew", "ComputerStoreNew\ComputerStoreNew.csproj", "{ED89920E-E97C-4748-AB6F-3024784861AE}"
EndProject
Global
	GlobalSection(SolutionConfigurationPlatforms) = preSolution
		Debug|Any CPU = Debug|Any CPU
		Release|Any CPU = Release|Any CPU
	EndGlobalSection
	GlobalSection(ProjectConfigurationPlatforms) = postSolution
		{ED89920E-E97C-4748-AB6F-3024784861AE}.Debug|Any CPU.ActiveCfg = Debug|Any CPU
		{ED89920E-E97C-4748-AB6F-3024784861AE}.Debug|Any CPU.Build.0 = Debug|Any CPU
		{ED89920E-E97C-4748-AB6F-3024784861AE}.Release|Any CPU.ActiveCfg = Release|Any CPU
		{ED89920E-E97C-4748-AB6F-3024784861AE}.Release|Any CPU.Build.0 = Release|Any CPU
	EndGlobalSection
	GlobalSection(SolutionProperties) = preSolution
		HideSolutionNode = FALSE
	EndGlobalSection
	GlobalSection(ExtensibilityGlobals) = postSolution
		SolutionGuid = {389F2C74-0651-4E85-9520-6553E4C176E9}
	EndGlobalSection
EndGlobal
