
Microsoft Visual Studio Solution File, Format Version 12.00
# Visual Studio Version 16
VisualStudioVersion = 16.0.30717.126
MinimumVisualStudioVersion = 10.0.40219.1
Project("{FAE04EC0-301F-11D3-BF4B-00C04F79EFBC}") = "NeedFroSpeed3", "NeedFroSpeed3\NeedFroSpeed3.csproj", "{172755BB-504F-4AE8-ABA6-719979E9B6C8}"
EndProject
Global
	GlobalSection(SolutionConfigurationPlatforms) = preSolution
		Debug|Any CPU = Debug|Any CPU
		Release|Any CPU = Release|Any CPU
	EndGlobalSection
	GlobalSection(ProjectConfigurationPlatforms) = postSolution
		{172755BB-504F-4AE8-ABA6-719979E9B6C8}.Debug|Any CPU.ActiveCfg = Debug|Any CPU
		{172755BB-504F-4AE8-ABA6-719979E9B6C8}.Debug|Any CPU.Build.0 = Debug|Any CPU
		{172755BB-504F-4AE8-ABA6-719979E9B6C8}.Release|Any CPU.ActiveCfg = Release|Any CPU
		{172755BB-504F-4AE8-ABA6-719979E9B6C8}.Release|Any CPU.Build.0 = Release|Any CPU
	EndGlobalSection
	GlobalSection(SolutionProperties) = preSolution
		HideSolutionNode = FALSE
	EndGlobalSection
	GlobalSection(ExtensibilityGlobals) = postSolution
		SolutionGuid = {EE7A054F-AFBF-44D1-8862-C6DCC83EC736}
	EndGlobalSection
EndGlobal
