
Microsoft Visual Studio Solution File, Format Version 12.00
# Visual Studio Version 16
VisualStudioVersion = 16.0.30128.74
MinimumVisualStudioVersion = 10.0.40219.1
Project("{FAE04EC0-301F-11D3-BF4B-00C04F79EFBC}") = "SmallestOfThreeNumbers", "SmallestOfThreeNumbers\SmallestOfThreeNumbers.csproj", "{0B173597-FA50-4CF2-AB15-CBA76DE398ED}"
EndProject
Global
	GlobalSection(SolutionConfigurationPlatforms) = preSolution
		Debug|Any CPU = Debug|Any CPU
		Release|Any CPU = Release|Any CPU
	EndGlobalSection
	GlobalSection(ProjectConfigurationPlatforms) = postSolution
		{0B173597-FA50-4CF2-AB15-CBA76DE398ED}.Debug|Any CPU.ActiveCfg = Debug|Any CPU
		{0B173597-FA50-4CF2-AB15-CBA76DE398ED}.Debug|Any CPU.Build.0 = Debug|Any CPU
		{0B173597-FA50-4CF2-AB15-CBA76DE398ED}.Release|Any CPU.ActiveCfg = Release|Any CPU
		{0B173597-FA50-4CF2-AB15-CBA76DE398ED}.Release|Any CPU.Build.0 = Release|Any CPU
	EndGlobalSection
	GlobalSection(SolutionProperties) = preSolution
		HideSolutionNode = FALSE
	EndGlobalSection
	GlobalSection(ExtensibilityGlobals) = postSolution
		SolutionGuid = {EC842319-8E1F-49B6-B807-ACFA93400B3A}
	EndGlobalSection
EndGlobal
