
Microsoft Visual Studio Solution File, Format Version 12.00
# Visual Studio Version 16
VisualStudioVersion = 16.0.30611.23
MinimumVisualStudioVersion = 10.0.40219.1
Project("{FAE04EC0-301F-11D3-BF4B-00C04F79EFBC}") = "StarEnigma", "StarEnigma\StarEnigma.csproj", "{0E0CF40F-49FE-413F-A82C-6B6EBA0C4CE3}"
EndProject
Global
	GlobalSection(SolutionConfigurationPlatforms) = preSolution
		Debug|Any CPU = Debug|Any CPU
		Release|Any CPU = Release|Any CPU
	EndGlobalSection
	GlobalSection(ProjectConfigurationPlatforms) = postSolution
		{0E0CF40F-49FE-413F-A82C-6B6EBA0C4CE3}.Debug|Any CPU.ActiveCfg = Debug|Any CPU
		{0E0CF40F-49FE-413F-A82C-6B6EBA0C4CE3}.Debug|Any CPU.Build.0 = Debug|Any CPU
		{0E0CF40F-49FE-413F-A82C-6B6EBA0C4CE3}.Release|Any CPU.ActiveCfg = Release|Any CPU
		{0E0CF40F-49FE-413F-A82C-6B6EBA0C4CE3}.Release|Any CPU.Build.0 = Release|Any CPU
	EndGlobalSection
	GlobalSection(SolutionProperties) = preSolution
		HideSolutionNode = FALSE
	EndGlobalSection
	GlobalSection(ExtensibilityGlobals) = postSolution
		SolutionGuid = {95CE918D-5D9E-4755-995B-ED64245EFABC}
	EndGlobalSection
EndGlobal
