
Microsoft Visual Studio Solution File, Format Version 12.00
# Visual Studio Version 16
VisualStudioVersion = 16.0.30128.74
MinimumVisualStudioVersion = 10.0.40219.1
Project("{9A19103F-16F7-4668-BE54-9A1E7A4F7556}") = "Judge", "Judge\Judge.csproj", "{D63C5854-4EC2-4655-8C77-F425689A480A}"
EndProject
Project("{FAE04EC0-301F-11D3-BF4B-00C04F79EFBC}") = "Test", "Test\Test.csproj", "{817FEAFF-8040-4B96-8931-3C2D7467A262}"
EndProject
Global
	GlobalSection(SolutionConfigurationPlatforms) = preSolution
		Debug|Any CPU = Debug|Any CPU
		Release|Any CPU = Release|Any CPU
	EndGlobalSection
	GlobalSection(ProjectConfigurationPlatforms) = postSolution
		{D63C5854-4EC2-4655-8C77-F425689A480A}.Debug|Any CPU.ActiveCfg = Debug|Any CPU
		{D63C5854-4EC2-4655-8C77-F425689A480A}.Debug|Any CPU.Build.0 = Debug|Any CPU
		{D63C5854-4EC2-4655-8C77-F425689A480A}.Release|Any CPU.ActiveCfg = Release|Any CPU
		{D63C5854-4EC2-4655-8C77-F425689A480A}.Release|Any CPU.Build.0 = Release|Any CPU
		{817FEAFF-8040-4B96-8931-3C2D7467A262}.Debug|Any CPU.ActiveCfg = Debug|Any CPU
		{817FEAFF-8040-4B96-8931-3C2D7467A262}.Debug|Any CPU.Build.0 = Debug|Any CPU
		{817FEAFF-8040-4B96-8931-3C2D7467A262}.Release|Any CPU.ActiveCfg = Release|Any CPU
		{817FEAFF-8040-4B96-8931-3C2D7467A262}.Release|Any CPU.Build.0 = Release|Any CPU
	EndGlobalSection
	GlobalSection(SolutionProperties) = preSolution
		HideSolutionNode = FALSE
	EndGlobalSection
	GlobalSection(ExtensibilityGlobals) = postSolution
		SolutionGuid = {97902D3E-2909-4412-BE5C-9BF8D741D999}
	EndGlobalSection
EndGlobal
