
Microsoft Visual Studio Solution File, Format Version 12.00
# Visual Studio Version 16
VisualStudioVersion = 16.0.30611.23
MinimumVisualStudioVersion = 10.0.40219.1
Project("{FAE04EC0-301F-11D3-BF4B-00C04F79EFBC}") = "CharacterMultiplier", "CharacterMultiplier\CharacterMultiplier.csproj", "{141A891F-EAA7-4012-9772-EE96CE5C3F63}"
EndProject
Global
	GlobalSection(SolutionConfigurationPlatforms) = preSolution
		Debug|Any CPU = Debug|Any CPU
		Release|Any CPU = Release|Any CPU
	EndGlobalSection
	GlobalSection(ProjectConfigurationPlatforms) = postSolution
		{141A891F-EAA7-4012-9772-EE96CE5C3F63}.Debug|Any CPU.ActiveCfg = Debug|Any CPU
		{141A891F-EAA7-4012-9772-EE96CE5C3F63}.Debug|Any CPU.Build.0 = Debug|Any CPU
		{141A891F-EAA7-4012-9772-EE96CE5C3F63}.Release|Any CPU.ActiveCfg = Release|Any CPU
		{141A891F-EAA7-4012-9772-EE96CE5C3F63}.Release|Any CPU.Build.0 = Release|Any CPU
	EndGlobalSection
	GlobalSection(SolutionProperties) = preSolution
		HideSolutionNode = FALSE
	EndGlobalSection
	GlobalSection(ExtensibilityGlobals) = postSolution
		SolutionGuid = {95EE6E29-8062-401D-ADC3-6FC80635D501}
	EndGlobalSection
EndGlobal
