
Microsoft Visual Studio Solution File, Format Version 12.00
# Visual Studio Version 16
VisualStudioVersion = 16.0.30128.74
MinimumVisualStudioVersion = 10.0.40219.1
Project("{FAE04EC0-301F-11D3-BF4B-00C04F79EFBC}") = "FactorialDivision", "FactorialDivision\FactorialDivision.csproj", "{CFF3D7E2-657F-4317-807B-1384BD87DF68}"
EndProject
Global
	GlobalSection(SolutionConfigurationPlatforms) = preSolution
		Debug|Any CPU = Debug|Any CPU
		Release|Any CPU = Release|Any CPU
	EndGlobalSection
	GlobalSection(ProjectConfigurationPlatforms) = postSolution
		{CFF3D7E2-657F-4317-807B-1384BD87DF68}.Debug|Any CPU.ActiveCfg = Debug|Any CPU
		{CFF3D7E2-657F-4317-807B-1384BD87DF68}.Debug|Any CPU.Build.0 = Debug|Any CPU
		{CFF3D7E2-657F-4317-807B-1384BD87DF68}.Release|Any CPU.ActiveCfg = Release|Any CPU
		{CFF3D7E2-657F-4317-807B-1384BD87DF68}.Release|Any CPU.Build.0 = Release|Any CPU
	EndGlobalSection
	GlobalSection(SolutionProperties) = preSolution
		HideSolutionNode = FALSE
	EndGlobalSection
	GlobalSection(ExtensibilityGlobals) = postSolution
		SolutionGuid = {A930A6AA-72A8-4E96-A24F-7DFE3F6EE921}
	EndGlobalSection
EndGlobal
